
Microsoft Visual Studio Solution File, Format Version 12.00
# Visual Studio Version 17
VisualStudioVersion = 17.5.33414.496
MinimumVisualStudioVersion = 10.0.40219.1
Project("{FAE04EC0-301F-11D3-BF4B-00C04F79EFBC}") = "DecimalParaBinario", "DecimalParaBinario\DecimalParaBinario.csproj", "{549460E5-18F9-4373-BAC1-AB2199BEDDCA}"
EndProject
Global
	GlobalSection(SolutionConfigurationPlatforms) = preSolution
		Debug|Any CPU = Debug|Any CPU
		Release|Any CPU = Release|Any CPU
	EndGlobalSection
	GlobalSection(ProjectConfigurationPlatforms) = postSolution
		{549460E5-18F9-4373-BAC1-AB2199BEDDCA}.Debug|Any CPU.ActiveCfg = Debug|Any CPU
		{549460E5-18F9-4373-BAC1-AB2199BEDDCA}.Debug|Any CPU.Build.0 = Debug|Any CPU
		{549460E5-18F9-4373-BAC1-AB2199BEDDCA}.Release|Any CPU.ActiveCfg = Release|Any CPU
		{549460E5-18F9-4373-BAC1-AB2199BEDDCA}.Release|Any CPU.Build.0 = Release|Any CPU
	EndGlobalSection
	GlobalSection(SolutionProperties) = preSolution
		HideSolutionNode = FALSE
	EndGlobalSection
	GlobalSection(ExtensibilityGlobals) = postSolution
		SolutionGuid = {54AD590F-CCCA-424A-8D83-70B7989A3ED4}
	EndGlobalSection
EndGlobal
